// !$*UTF8*$!
{
	archiveVersion = 1;
	classes = {
	};
	objectVersion = 56;
	objects = {

/* Begin PBXBuildFile section */
		A10000000000000000000001 /* SunmsgApp.swift in Sources */ = {isa = PBXBuildFile; fileRef = A10000000000000000000011 /* SunmsgApp.swift */; };
		A10000000000000000000002 /* ContentView.swift in Sources */ = {isa = PBXBuildFile; fileRef = A10000000000000000000012 /* ContentView.swift */; };
		A10000000000000000000003 /* APIClient.swift in Sources */ = {isa = PBXBuildFile; fileRef = A10000000000000000000013 /* APIClient.swift */; };
		A10000000000000000000004 /* Models.swift in Sources */ = {isa = PBXBuildFile; fileRef = A10000000000000000000014 /* Models.swift */; };
		A10000000000000000000006 /* ChatListView.swift in Sources */ = {isa = PBXBuildFile; fileRef = A10000000000000000000017 /* ChatListView.swift */; };
		A10000000000000000000007 /* ChatView.swift in Sources */ = {isa = PBXBuildFile; fileRef = A10000000000000000000018 /* ChatView.swift */; };
		A10000000000000000000008 /* Assets.xcassets in Resources */ = {isa = PBXBuildFile; fileRef = A10000000000000000000019 /* Assets.xcassets */; };
		A10000000000000000000009 /* PrivacyInfo.xcprivacy in Resources */ = {isa = PBXBuildFile; fileRef = A1000000000000000000001A /* PrivacyInfo.xcprivacy */; };
		A1000000000000000000000A /* CryptoService.swift in Sources */ = {isa = PBXBuildFile; fileRef = A1000000000000000000001B /* CryptoService.swift */; };
		A1000000000000000000000B /* KeychainService.swift in Sources */ = {isa = PBXBuildFile; fileRef = A1000000000000000000001C /* KeychainService.swift */; };
		A1000000000000000000000C /* NativeLoginView.swift in Sources */ = {isa = PBXBuildFile; fileRef = A1000000000000000000001D /* NativeLoginView.swift */; };
		A1000000000000000000000D /* PeopleView.swift in Sources */ = {isa = PBXBuildFile; fileRef = A1000000000000000000001E /* PeopleView.swift */; };
		A1000000000000000000000E /* NativeRegisterView.swift in Sources */ = {isa = PBXBuildFile; fileRef = A1000000000000000000001F /* NativeRegisterView.swift */; };
		A1000000000000000000000F /* SocketClient.swift in Sources */ = {isa = PBXBuildFile; fileRef = A10000000000000000000080 /* SocketClient.swift */; };
		A10000000000000000000081 /* InAppBanner.swift in Sources */ = {isa = PBXBuildFile; fileRef = A10000000000000000000082 /* InAppBanner.swift */; };
		A10000000000000000000083 /* CallsView.swift in Sources */ = {isa = PBXBuildFile; fileRef = A10000000000000000000084 /* CallsView.swift */; };
		A10000000000000000000085 /* ContactProfileView.swift in Sources */ = {isa = PBXBuildFile; fileRef = A10000000000000000000086 /* ContactProfileView.swift */; };
		A10000000000000000000087 /* PrivacySettingsView.swift in Sources */ = {isa = PBXBuildFile; fileRef = A10000000000000000000088 /* PrivacySettingsView.swift */; };
		A10000000000000000000089 /* V3CryptoService.swift in Sources */ = {isa = PBXBuildFile; fileRef = A1000000000000000000008A /* V3CryptoService.swift */; };
		A1000000000000000000008B /* CallView.swift in Sources */ = {isa = PBXBuildFile; fileRef = A1000000000000000000008C /* CallView.swift */; };
		A10000000000000000000090 /* ChatSyncEngine.swift in Sources */ = {isa = PBXBuildFile; fileRef = A10000000000000000000091 /* ChatSyncEngine.swift */; };
		A10000000000000000000092 /* ChatLocalStore.swift in Sources */ = {isa = PBXBuildFile; fileRef = A10000000000000000000093 /* ChatLocalStore.swift */; };
		A100000000000000000000F2 /* WebRTC in Frameworks */ = {isa = PBXBuildFile; productRef = A100000000000000000000F1 /* WebRTC */; };
		A100000000000000000000F4 /* WebRTCService.swift in Sources */ = {isa = PBXBuildFile; fileRef = A100000000000000000000F3 /* WebRTCService.swift */; };
		A10000000000000000000100 /* ChatHeaderView.swift in Sources */ = {isa = PBXBuildFile; fileRef = A10000000000000000000110 /* ChatHeaderView.swift */; };
		A10000000000000000000101 /* ChatComposerBar.swift in Sources */ = {isa = PBXBuildFile; fileRef = A10000000000000000000111 /* ChatComposerBar.swift */; };
		A10000000000000000000102 /* ChatMessageTimelineView.swift in Sources */ = {isa = PBXBuildFile; fileRef = A10000000000000000000112 /* ChatMessageTimelineView.swift */; };
		A10000000000000000000103 /* ChatButtonStyles.swift in Sources */ = {isa = PBXBuildFile; fileRef = A10000000000000000000113 /* ChatButtonStyles.swift */; };
		A10000000000000000000104 /* NativeCallManager.swift in Sources */ = {isa = PBXBuildFile; fileRef = A10000000000000000000114 /* NativeCallManager.swift */; };
/* End PBXBuildFile section */

/* Begin PBXFileReference section */
		A10000000000000000000010 /* Sunmsg.app */ = {isa = PBXFileReference; explicitFileType = wrapper.application; includeInIndex = 0; path = Sunmsg.app; sourceTree = BUILT_PRODUCTS_DIR; };
		A10000000000000000000011 /* SunmsgApp.swift */ = {isa = PBXFileReference; lastKnownFileType = sourcecode.swift; path = SunmsgApp.swift; sourceTree = "<group>"; };
		A10000000000000000000012 /* ContentView.swift */ = {isa = PBXFileReference; lastKnownFileType = sourcecode.swift; path = ContentView.swift; sourceTree = "<group>"; };
		A10000000000000000000013 /* APIClient.swift */ = {isa = PBXFileReference; lastKnownFileType = sourcecode.swift; path = APIClient.swift; sourceTree = "<group>"; };
		A10000000000000000000014 /* Models.swift */ = {isa = PBXFileReference; lastKnownFileType = sourcecode.swift; path = Models.swift; sourceTree = "<group>"; };
		A10000000000000000000016 /* Info.plist */ = {isa = PBXFileReference; lastKnownFileType = text.plist.xml; path = Info.plist; sourceTree = "<group>"; };
		A10000000000000000000017 /* ChatListView.swift */ = {isa = PBXFileReference; lastKnownFileType = sourcecode.swift; path = ChatListView.swift; sourceTree = "<group>"; };
		A10000000000000000000018 /* ChatView.swift */ = {isa = PBXFileReference; lastKnownFileType = sourcecode.swift; path = ChatView.swift; sourceTree = "<group>"; };
		A10000000000000000000019 /* Assets.xcassets */ = {isa = PBXFileReference; lastKnownFileType = folder.assetcatalog; path = Assets.xcassets; sourceTree = "<group>"; };
		A1000000000000000000001A /* PrivacyInfo.xcprivacy */ = {isa = PBXFileReference; lastKnownFileType = text.xml; path = PrivacyInfo.xcprivacy; sourceTree = "<group>"; };
		A1000000000000000000001B /* CryptoService.swift */ = {isa = PBXFileReference; lastKnownFileType = sourcecode.swift; path = CryptoService.swift; sourceTree = "<group>"; };
		A1000000000000000000001C /* KeychainService.swift */ = {isa = PBXFileReference; lastKnownFileType = sourcecode.swift; path = KeychainService.swift; sourceTree = "<group>"; };
		A1000000000000000000001D /* NativeLoginView.swift */ = {isa = PBXFileReference; lastKnownFileType = sourcecode.swift; path = NativeLoginView.swift; sourceTree = "<group>"; };
		A1000000000000000000001E /* PeopleView.swift */ = {isa = PBXFileReference; lastKnownFileType = sourcecode.swift; path = PeopleView.swift; sourceTree = "<group>"; };
		A1000000000000000000001F /* NativeRegisterView.swift */ = {isa = PBXFileReference; lastKnownFileType = sourcecode.swift; path = NativeRegisterView.swift; sourceTree = "<group>"; };
		A10000000000000000000080 /* SocketClient.swift */ = {isa = PBXFileReference; lastKnownFileType = sourcecode.swift; path = SocketClient.swift; sourceTree = "<group>"; };
		A10000000000000000000082 /* InAppBanner.swift */ = {isa = PBXFileReference; lastKnownFileType = sourcecode.swift; path = InAppBanner.swift; sourceTree = "<group>"; };
		A10000000000000000000084 /* CallsView.swift */ = {isa = PBXFileReference; lastKnownFileType = sourcecode.swift; path = CallsView.swift; sourceTree = "<group>"; };
		A10000000000000000000086 /* ContactProfileView.swift */ = {isa = PBXFileReference; lastKnownFileType = sourcecode.swift; path = ContactProfileView.swift; sourceTree = "<group>"; };
		A10000000000000000000088 /* PrivacySettingsView.swift */ = {isa = PBXFileReference; lastKnownFileType = sourcecode.swift; path = PrivacySettingsView.swift; sourceTree = "<group>"; };
		A1000000000000000000008A /* V3CryptoService.swift */ = {isa = PBXFileReference; lastKnownFileType = sourcecode.swift; path = V3CryptoService.swift; sourceTree = "<group>"; };
		A1000000000000000000008C /* CallView.swift */ = {isa = PBXFileReference; lastKnownFileType = sourcecode.swift; path = CallView.swift; sourceTree = "<group>"; };
		A10000000000000000000091 /* ChatSyncEngine.swift */ = {isa = PBXFileReference; lastKnownFileType = sourcecode.swift; path = ChatSyncEngine.swift; sourceTree = "<group>"; };
		A10000000000000000000093 /* ChatLocalStore.swift */ = {isa = PBXFileReference; lastKnownFileType = sourcecode.swift; path = ChatLocalStore.swift; sourceTree = "<group>"; };
		A100000000000000000000F3 /* WebRTCService.swift */ = {isa = PBXFileReference; lastKnownFileType = sourcecode.swift; path = WebRTCService.swift; sourceTree = "<group>"; };
		A10000000000000000000110 /* ChatHeaderView.swift */ = {isa = PBXFileReference; lastKnownFileType = sourcecode.swift; path = ChatHeaderView.swift; sourceTree = "<group>"; };
		A10000000000000000000111 /* ChatComposerBar.swift */ = {isa = PBXFileReference; lastKnownFileType = sourcecode.swift; path = ChatComposerBar.swift; sourceTree = "<group>"; };
		A10000000000000000000112 /* ChatMessageTimelineView.swift */ = {isa = PBXFileReference; lastKnownFileType = sourcecode.swift; path = ChatMessageTimelineView.swift; sourceTree = "<group>"; };
		A10000000000000000000113 /* ChatButtonStyles.swift */ = {isa = PBXFileReference; lastKnownFileType = sourcecode.swift; path = ChatButtonStyles.swift; sourceTree = "<group>"; };
		A10000000000000000000114 /* NativeCallManager.swift */ = {isa = PBXFileReference; lastKnownFileType = sourcecode.swift; path = NativeCallManager.swift; sourceTree = "<group>"; };
/* End PBXFileReference section */

/* Begin PBXFrameworksBuildPhase section */
		A10000000000000000000020 /* Frameworks */ = {
			isa = PBXFrameworksBuildPhase;
			buildActionMask = 2147483647;
			files = (
				A100000000000000000000F2 /* WebRTC in Frameworks */,
			);
			runOnlyForDeploymentPostprocessing = 0;
		};
/* End PBXFrameworksBuildPhase section */

/* Begin PBXGroup section */
		A10000000000000000000030 = {
			isa = PBXGroup;
			children = (
				A10000000000000000000031 /* Sunmsg */,
				A10000000000000000000032 /* Products */,
			);
			sourceTree = "<group>";
		};
		A10000000000000000000031 /* Sunmsg */ = {
			isa = PBXGroup;
			children = (
				A10000000000000000000011 /* SunmsgApp.swift */,
				A10000000000000000000012 /* ContentView.swift */,
				A10000000000000000000013 /* APIClient.swift */,
				A10000000000000000000014 /* Models.swift */,
				A10000000000000000000017 /* ChatListView.swift */,
				A10000000000000000000018 /* ChatView.swift */,
				A10000000000000000000110 /* ChatHeaderView.swift */,
				A10000000000000000000111 /* ChatComposerBar.swift */,
				A10000000000000000000112 /* ChatMessageTimelineView.swift */,
				A10000000000000000000113 /* ChatButtonStyles.swift */,
				A1000000000000000000001B /* CryptoService.swift */,
				A1000000000000000000001C /* KeychainService.swift */,
				A1000000000000000000001D /* NativeLoginView.swift */,
				A1000000000000000000001E /* PeopleView.swift */,
				A1000000000000000000001F /* NativeRegisterView.swift */,
				A10000000000000000000080 /* SocketClient.swift */,
				A10000000000000000000082 /* InAppBanner.swift */,
				A10000000000000000000084 /* CallsView.swift */,
				A10000000000000000000086 /* ContactProfileView.swift */,
				A10000000000000000000088 /* PrivacySettingsView.swift */,
				A1000000000000000000008A /* V3CryptoService.swift */,
				A1000000000000000000008C /* CallView.swift */,
				A10000000000000000000091 /* ChatSyncEngine.swift */,
				A10000000000000000000093 /* ChatLocalStore.swift */,
				A100000000000000000000F3 /* WebRTCService.swift */,
				A10000000000000000000114 /* NativeCallManager.swift */,
				A10000000000000000000019 /* Assets.xcassets */,
				A1000000000000000000001A /* PrivacyInfo.xcprivacy */,
				A10000000000000000000016 /* Info.plist */,
			);
			path = Sunmsg;
			sourceTree = "<group>";
		};
		A10000000000000000000032 /* Products */ = {
			isa = PBXGroup;
			children = (
				A10000000000000000000010 /* Sunmsg.app */,
			);
			name = Products;
			sourceTree = "<group>";
		};
/* End PBXGroup section */

/* Begin PBXNativeTarget section */
		A10000000000000000000040 /* Sunmsg */ = {
			isa = PBXNativeTarget;
			buildConfigurationList = A10000000000000000000070 /* Build configuration list for PBXNativeTarget "Sunmsg" */;
			buildPhases = (
				A10000000000000000000050 /* Sources */,
				A10000000000000000000020 /* Frameworks */,
				A10000000000000000000051 /* Resources */,
			);
			buildRules = (
			);
			dependencies = (
			);
			name = Sunmsg;
			packageProductDependencies = (
				A100000000000000000000F1 /* WebRTC */,
			);
			productName = Sunmsg;
			productReference = A10000000000000000000010 /* Sunmsg.app */;
			productType = "com.apple.product-type.application";
		};
/* End PBXNativeTarget section */

/* Begin PBXProject section */
		A10000000000000000000060 /* Project object */ = {
			isa = PBXProject;
			attributes = {
				BuildIndependentTargetsInParallel = 1;
				LastSwiftUpdateCheck = 2630;
				LastUpgradeCheck = 2630;
				TargetAttributes = {
					A10000000000000000000040 = {
						CreatedOnToolsVersion = 26.3;
					};
				};
			};
			buildConfigurationList = A10000000000000000000061 /* Build configuration list for PBXProject "Sunmsg" */;
			compatibilityVersion = "Xcode 14.0";
			developmentRegion = en;
			hasScannedForEncodings = 0;
			knownRegions = (
				en,
				Base,
			);
			mainGroup = A10000000000000000000030;
			packageReferences = (
				A100000000000000000000F0 /* XCRemoteSwiftPackageReference "WebRTC" */,
			);
			productRefGroup = A10000000000000000000032 /* Products */;
			projectDirPath = "";
			projectRoot = "";
			targets = (
				A10000000000000000000040 /* Sunmsg */,
			);
		};
/* End PBXProject section */

/* Begin XCRemoteSwiftPackageReference section */
		A100000000000000000000F0 /* XCRemoteSwiftPackageReference "WebRTC" */ = {
			isa = XCRemoteSwiftPackageReference;
			repositoryURL = "https://github.com/stasel/WebRTC.git";
			requirement = {
				kind = upToNextMajorVersion;
				minimumVersion = 125.0.0;
			};
		};
/* End XCRemoteSwiftPackageReference section */

/* Begin XCSwiftPackageProductDependency section */
		A100000000000000000000F1 /* WebRTC */ = {
			isa = XCSwiftPackageProductDependency;
			package = A100000000000000000000F0 /* XCRemoteSwiftPackageReference "WebRTC" */;
			productName = WebRTC;
		};
/* End XCSwiftPackageProductDependency section */

/* Begin PBXResourcesBuildPhase section */
		A10000000000000000000051 /* Resources */ = {
			isa = PBXResourcesBuildPhase;
			buildActionMask = 2147483647;
			files = (
				A10000000000000000000008 /* Assets.xcassets in Resources */,
				A10000000000000000000009 /* PrivacyInfo.xcprivacy in Resources */,
			);
			runOnlyForDeploymentPostprocessing = 0;
		};
/* End PBXResourcesBuildPhase section */

/* Begin PBXSourcesBuildPhase section */
		A10000000000000000000050 /* Sources */ = {
			isa = PBXSourcesBuildPhase;
			buildActionMask = 2147483647;
			files = (
				A10000000000000000000001 /* SunmsgApp.swift in Sources */,
				A10000000000000000000002 /* ContentView.swift in Sources */,
				A10000000000000000000003 /* APIClient.swift in Sources */,
				A10000000000000000000004 /* Models.swift in Sources */,
				A10000000000000000000006 /* ChatListView.swift in Sources */,
				A10000000000000000000007 /* ChatView.swift in Sources */,
				A10000000000000000000100 /* ChatHeaderView.swift in Sources */,
				A10000000000000000000101 /* ChatComposerBar.swift in Sources */,
				A10000000000000000000102 /* ChatMessageTimelineView.swift in Sources */,
				A10000000000000000000103 /* ChatButtonStyles.swift in Sources */,
				A1000000000000000000000A /* CryptoService.swift in Sources */,
				A1000000000000000000000B /* KeychainService.swift in Sources */,
				A1000000000000000000000C /* NativeLoginView.swift in Sources */,
				A1000000000000000000000D /* PeopleView.swift in Sources */,
				A1000000000000000000000E /* NativeRegisterView.swift in Sources */,
				A1000000000000000000000F /* SocketClient.swift in Sources */,
				A10000000000000000000081 /* InAppBanner.swift in Sources */,
				A10000000000000000000083 /* CallsView.swift in Sources */,
				A10000000000000000000085 /* ContactProfileView.swift in Sources */,
				A10000000000000000000087 /* PrivacySettingsView.swift in Sources */,
				A10000000000000000000089 /* V3CryptoService.swift in Sources */,
				A1000000000000000000008B /* CallView.swift in Sources */,
				A10000000000000000000090 /* ChatSyncEngine.swift in Sources */,
				A10000000000000000000092 /* ChatLocalStore.swift in Sources */,
				A100000000000000000000F4 /* WebRTCService.swift in Sources */,
				A10000000000000000000104 /* NativeCallManager.swift in Sources */,
			);
			runOnlyForDeploymentPostprocessing = 0;
		};
/* End PBXSourcesBuildPhase section */

/* Begin XCBuildConfiguration section */
		A10000000000000000000062 /* Debug */ = {
			isa = XCBuildConfiguration;
			buildSettings = {
				ALWAYS_SEARCH_USER_PATHS = NO;
				CLANG_ANALYZER_NONNULL = YES;
				CLANG_ANALYZER_NUMBER_OBJECT_CONVERSION = YES_AGGRESSIVE;
				CLANG_CXX_LANGUAGE_STANDARD = "gnu++20";
				CLANG_ENABLE_MODULES = YES;
				CLANG_ENABLE_OBJC_ARC = YES;
				CLANG_ENABLE_OBJC_WEAK = YES;
				CLANG_WARN_BLOCK_CAPTURE_AUTORELEASING = YES;
				CLANG_WARN_BOOL_CONVERSION = YES;
				CLANG_WARN_COMMA = YES;
				CLANG_WARN_CONSTANT_CONVERSION = YES;
				CLANG_WARN_DEPRECATED_OBJC_IMPLEMENTATIONS = YES;
				CLANG_WARN_DIRECT_OBJC_ISA_USAGE = YES_ERROR;
				CLANG_WARN_DOCUMENTATION_COMMENTS = YES;
				CLANG_WARN_EMPTY_BODY = YES;
				CLANG_WARN_ENUM_CONVERSION = YES;
				CLANG_WARN_INFINITE_RECURSION = YES;
				CLANG_WARN_INT_CONVERSION = YES;
				CLANG_WARN_NON_LITERAL_NULL_CONVERSION = YES;
				CLANG_WARN_OBJC_IMPLICIT_RETAIN_SELF = YES;
				CLANG_WARN_OBJC_LITERAL_CONVERSION = YES;
				CLANG_WARN_OBJC_ROOT_CLASS = YES_ERROR;
				CLANG_WARN_QUOTED_INCLUDE_IN_FRAMEWORK_HEADER = YES;
				CLANG_WARN_RANGE_LOOP_ANALYSIS = YES;
				CLANG_WARN_STRICT_PROTOTYPES = YES;
				CLANG_WARN_SUSPICIOUS_MOVE = YES;
				CLANG_WARN_UNGUARDED_AVAILABILITY = YES_AGGRESSIVE;
				CLANG_WARN_UNREACHABLE_CODE = YES;
				CLANG_WARN__DUPLICATE_METHOD_MATCH = YES;
				COPY_PHASE_STRIP = NO;
				DEBUG_INFORMATION_FORMAT = dwarf;
				ENABLE_STRICT_OBJC_MSGSEND = YES;
				ENABLE_TESTABILITY = YES;
				ENABLE_USER_SCRIPT_SANDBOXING = YES;
				GCC_C_LANGUAGE_STANDARD = gnu17;
				GCC_DYNAMIC_NO_PIC = NO;
				GCC_NO_COMMON_BLOCKS = YES;
				GCC_OPTIMIZATION_LEVEL = 0;
				GCC_PREPROCESSOR_DEFINITIONS = (
					"DEBUG=1",
					"$(inherited)",
				);
				GCC_WARN_64_TO_32_BIT_CONVERSION = YES;
				GCC_WARN_ABOUT_RETURN_TYPE = YES_ERROR;
				GCC_WARN_UNDECLARED_SELECTOR = YES;
				GCC_WARN_UNINITIALIZED_AUTOS = YES_AGGRESSIVE;
				GCC_WARN_UNUSED_FUNCTION = YES;
				GCC_WARN_UNUSED_VARIABLE = YES;
				IPHONEOS_DEPLOYMENT_TARGET = 17.0;
				MTL_ENABLE_DEBUG_INFO = INCLUDE_SOURCE;
				MTL_FAST_MATH = YES;
				ONLY_ACTIVE_ARCH = YES;
				SDKROOT = iphoneos;
				SWIFT_ACTIVE_COMPILATION_CONDITIONS = DEBUG;
				SWIFT_OPTIMIZATION_LEVEL = "-Onone";
			};
			name = Debug;
		};
		A10000000000000000000063 /* Release */ = {
			isa = XCBuildConfiguration;
			buildSettings = {
				ALWAYS_SEARCH_USER_PATHS = NO;
				CLANG_ANALYZER_NONNULL = YES;
				CLANG_ANALYZER_NUMBER_OBJECT_CONVERSION = YES_AGGRESSIVE;
				CLANG_CXX_LANGUAGE_STANDARD = "gnu++20";
				CLANG_ENABLE_MODULES = YES;
				CLANG_ENABLE_OBJC_ARC = YES;
				CLANG_ENABLE_OBJC_WEAK = YES;
				CLANG_WARN_BLOCK_CAPTURE_AUTORELEASING = YES;
				CLANG_WARN_BOOL_CONVERSION = YES;
				CLANG_WARN_COMMA = YES;
				CLANG_WARN_CONSTANT_CONVERSION = YES;
				CLANG_WARN_DEPRECATED_OBJC_IMPLEMENTATIONS = YES;
				CLANG_WARN_DIRECT_OBJC_ISA_USAGE = YES_ERROR;
				CLANG_WARN_DOCUMENTATION_COMMENTS = YES;
				CLANG_WARN_EMPTY_BODY = YES;
				CLANG_WARN_ENUM_CONVERSION = YES;
				CLANG_WARN_INFINITE_RECURSION = YES;
				CLANG_WARN_INT_CONVERSION = YES;
				CLANG_WARN_NON_LITERAL_NULL_CONVERSION = YES;
				CLANG_WARN_OBJC_IMPLICIT_RETAIN_SELF = YES;
				CLANG_WARN_OBJC_LITERAL_CONVERSION = YES;
				CLANG_WARN_OBJC_ROOT_CLASS = YES_ERROR;
				CLANG_WARN_QUOTED_INCLUDE_IN_FRAMEWORK_HEADER = YES;
				CLANG_WARN_RANGE_LOOP_ANALYSIS = YES;
				CLANG_WARN_STRICT_PROTOTYPES = YES;
				CLANG_WARN_SUSPICIOUS_MOVE = YES;
				CLANG_WARN_UNGUARDED_AVAILABILITY = YES_AGGRESSIVE;
				CLANG_WARN_UNREACHABLE_CODE = YES;
				CLANG_WARN__DUPLICATE_METHOD_MATCH = YES;
				COPY_PHASE_STRIP = NO;
				DEBUG_INFORMATION_FORMAT = "dwarf-with-dsym";
				ENABLE_NS_ASSERTIONS = NO;
				ENABLE_STRICT_OBJC_MSGSEND = YES;
				ENABLE_USER_SCRIPT_SANDBOXING = YES;
				GCC_C_LANGUAGE_STANDARD = gnu17;
				GCC_NO_COMMON_BLOCKS = YES;
				GCC_WARN_64_TO_32_BIT_CONVERSION = YES;
				GCC_WARN_ABOUT_RETURN_TYPE = YES_ERROR;
				GCC_WARN_UNDECLARED_SELECTOR = YES;
				GCC_WARN_UNINITIALIZED_AUTOS = YES_AGGRESSIVE;
				GCC_WARN_UNUSED_FUNCTION = YES;
				GCC_WARN_UNUSED_VARIABLE = YES;
				IPHONEOS_DEPLOYMENT_TARGET = 17.0;
				MTL_ENABLE_DEBUG_INFO = NO;
				MTL_FAST_MATH = YES;
				SDKROOT = iphoneos;
				SWIFT_COMPILATION_MODE = wholemodule;
				VALIDATE_PRODUCT = YES;
			};
			name = Release;
		};
		A10000000000000000000071 /* Debug */ = {
			isa = XCBuildConfiguration;
			buildSettings = {
				ASSETCATALOG_COMPILER_GLOBAL_ACCENT_COLOR_NAME = AccentColor;
				CODE_SIGN_STYLE = Automatic;
				CURRENT_PROJECT_VERSION = 1;
				DEVELOPMENT_TEAM = KQ4UWBQWH6;
				GENERATE_INFOPLIST_FILE = NO;
				INFOPLIST_FILE = Sunmsg/Info.plist;
				IPHONEOS_DEPLOYMENT_TARGET = 17.0;
				LD_RUNPATH_SEARCH_PATHS = (
					"$(inherited)",
					"@executable_path/Frameworks",
				);
				MARKETING_VERSION = 0.1;
				PRODUCT_BUNDLE_IDENTIFIER = ru.sunmsg.ios.dev;
				PRODUCT_NAME = "$(TARGET_NAME)";
				SUN_BASE_URL = "https://sun.445231.xyz";
				SUPPORTED_PLATFORMS = "iphoneos iphonesimulator";
				SWIFT_EMIT_LOC_STRINGS = YES;
				SWIFT_VERSION = 5.0;
				TARGETED_DEVICE_FAMILY = "1,2";
			};
			name = Debug;
		};
		A10000000000000000000072 /* Release */ = {
			isa = XCBuildConfiguration;
			buildSettings = {
				ASSETCATALOG_COMPILER_GLOBAL_ACCENT_COLOR_NAME = AccentColor;
				CODE_SIGN_STYLE = Automatic;
				CURRENT_PROJECT_VERSION = 1;
				DEVELOPMENT_TEAM = KQ4UWBQWH6;
				GENERATE_INFOPLIST_FILE = NO;
				INFOPLIST_FILE = Sunmsg/Info.plist;
				IPHONEOS_DEPLOYMENT_TARGET = 17.0;
				LD_RUNPATH_SEARCH_PATHS = (
					"$(inherited)",
					"@executable_path/Frameworks",
				);
				MARKETING_VERSION = 0.1;
				PRODUCT_BUNDLE_IDENTIFIER = ru.sunmsg.ios.dev;
				PRODUCT_NAME = "$(TARGET_NAME)";
				SUN_BASE_URL = "https://sun.445231.xyz";
				SUPPORTED_PLATFORMS = "iphoneos iphonesimulator";
				SWIFT_EMIT_LOC_STRINGS = YES;
				SWIFT_VERSION = 5.0;
				TARGETED_DEVICE_FAMILY = "1,2";
			};
			name = Release;
		};
/* End XCBuildConfiguration section */

/* Begin XCConfigurationList section */
		A10000000000000000000061 /* Build configuration list for PBXProject "Sunmsg" */ = {
			isa = XCConfigurationList;
			buildConfigurations = (
				A10000000000000000000062 /* Debug */,
				A10000000000000000000063 /* Release */,
			);
			defaultConfigurationIsVisible = 0;
			defaultConfigurationName = Release;
		};
		A10000000000000000000070 /* Build configuration list for PBXNativeTarget "Sunmsg" */ = {
			isa = XCConfigurationList;
			buildConfigurations = (
				A10000000000000000000071 /* Debug */,
				A10000000000000000000072 /* Release */,
			);
			defaultConfigurationIsVisible = 0;
			defaultConfigurationName = Release;
		};
/* End XCConfigurationList section */
	};
	rootObject = A10000000000000000000060 /* Project object */;
}
